
Microsoft Visual Studio Solution File, Format Version 12.00
# Visual Studio Version 17
VisualStudioVersion = 17.1.32228.430
MinimumVisualStudioVersion = 10.0.40219.1
Project("{FAE04EC0-301F-11D3-BF4B-00C04F79EFBC}") = "VeslinkReportExport", "VeslinkReportExport\VeslinkReportExport.csproj", "{B321BFAB-78E5-4621-A3F2-45FE7DBF1D55}"
EndProject
Project("{FAE04EC0-301F-11D3-BF4B-00C04F79EFBC}") = "Veslink.Data", "Veslink.Data\Veslink.Data.csproj", "{2D204403-DC21-4CA5-A318-88ACB0ED4735}"
EndProject
Project("{FAE04EC0-301F-11D3-BF4B-00C04F79EFBC}") = "Veslink.Business", "Veslink.Business\Veslink.Business.csproj", "{83F747AB-3009-4EBE-8180-178440DAE2D1}"
EndProject
Project("{FAE04EC0-301F-11D3-BF4B-00C04F79EFBC}") = "Veslink.Entities", "Veslink.Entities\Veslink.Entities.csproj", "{4772AF80-65F6-4CFF-A05D-86833D388139}"
EndProject
Project("{FAE04EC0-301F-11D3-BF4B-00C04F79EFBC}") = "Veslink.Testing", "Veslink.Testing\Veslink.Testing.csproj", "{46DF3F76-BF60-4949-B74B-928978F2C9C1}"
EndProject
Global
	GlobalSection(SolutionConfigurationPlatforms) = preSolution
		Debug|Any CPU = Debug|Any CPU
		Release|Any CPU = Release|Any CPU
	EndGlobalSection
	GlobalSection(ProjectConfigurationPlatforms) = postSolution
		{B321BFAB-78E5-4621-A3F2-45FE7DBF1D55}.Debug|Any CPU.ActiveCfg = Debug|Any CPU
		{B321BFAB-78E5-4621-A3F2-45FE7DBF1D55}.Debug|Any CPU.Build.0 = Debug|Any CPU
		{B321BFAB-78E5-4621-A3F2-45FE7DBF1D55}.Release|Any CPU.ActiveCfg = Release|Any CPU
		{B321BFAB-78E5-4621-A3F2-45FE7DBF1D55}.Release|Any CPU.Build.0 = Release|Any CPU
		{2D204403-DC21-4CA5-A318-88ACB0ED4735}.Debug|Any CPU.ActiveCfg = Debug|Any CPU
		{2D204403-DC21-4CA5-A318-88ACB0ED4735}.Debug|Any CPU.Build.0 = Debug|Any CPU
		{2D204403-DC21-4CA5-A318-88ACB0ED4735}.Release|Any CPU.ActiveCfg = Release|Any CPU
		{2D204403-DC21-4CA5-A318-88ACB0ED4735}.Release|Any CPU.Build.0 = Release|Any CPU
		{83F747AB-3009-4EBE-8180-178440DAE2D1}.Debug|Any CPU.ActiveCfg = Debug|Any CPU
		{83F747AB-3009-4EBE-8180-178440DAE2D1}.Debug|Any CPU.Build.0 = Debug|Any CPU
		{83F747AB-3009-4EBE-8180-178440DAE2D1}.Release|Any CPU.ActiveCfg = Release|Any CPU
		{83F747AB-3009-4EBE-8180-178440DAE2D1}.Release|Any CPU.Build.0 = Release|Any CPU
		{4772AF80-65F6-4CFF-A05D-86833D388139}.Debug|Any CPU.ActiveCfg = Debug|Any CPU
		{4772AF80-65F6-4CFF-A05D-86833D388139}.Debug|Any CPU.Build.0 = Debug|Any CPU
		{4772AF80-65F6-4CFF-A05D-86833D388139}.Release|Any CPU.ActiveCfg = Release|Any CPU
		{4772AF80-65F6-4CFF-A05D-86833D388139}.Release|Any CPU.Build.0 = Release|Any CPU
		{46DF3F76-BF60-4949-B74B-928978F2C9C1}.Debug|Any CPU.ActiveCfg = Debug|Any CPU
		{46DF3F76-BF60-4949-B74B-928978F2C9C1}.Debug|Any CPU.Build.0 = Debug|Any CPU
		{46DF3F76-BF60-4949-B74B-928978F2C9C1}.Release|Any CPU.ActiveCfg = Release|Any CPU
		{46DF3F76-BF60-4949-B74B-928978F2C9C1}.Release|Any CPU.Build.0 = Release|Any CPU
	EndGlobalSection
	GlobalSection(SolutionProperties) = preSolution
		HideSolutionNode = FALSE
	EndGlobalSection
	GlobalSection(ExtensibilityGlobals) = postSolution
		SolutionGuid = {2FEF9CA9-A881-4416-87DF-35F9669B7235}
	EndGlobalSection
EndGlobal
